
Microsoft Visual Studio Solution File, Format Version 12.00
# Visual Studio Version 17
VisualStudioVersion = 17.8.34330.188
MinimumVisualStudioVersion = 10.0.40219.1
Project("{FAE04EC0-301F-11D3-BF4B-00C04F79EFBC}") = "DemoCICD", "DemoCICD\DemoCICD.csproj", "{258A38C3-7B74-4DA7-A166-4A1696B68F32}"
EndProject
Global
	GlobalSection(SolutionConfigurationPlatforms) = preSolution
		Debug|Any CPU = Debug|Any CPU
		Release|Any CPU = Release|Any CPU
	EndGlobalSection
	GlobalSection(ProjectConfigurationPlatforms) = postSolution
		{258A38C3-7B74-4DA7-A166-4A1696B68F32}.Debug|Any CPU.ActiveCfg = Debug|Any CPU
		{258A38C3-7B74-4DA7-A166-4A1696B68F32}.Debug|Any CPU.Build.0 = Debug|Any CPU
		{258A38C3-7B74-4DA7-A166-4A1696B68F32}.Release|Any CPU.ActiveCfg = Release|Any CPU
		{258A38C3-7B74-4DA7-A166-4A1696B68F32}.Release|Any CPU.Build.0 = Release|Any CPU
	EndGlobalSection
	GlobalSection(SolutionProperties) = preSolution
		HideSolutionNode = FALSE
	EndGlobalSection
	GlobalSection(ExtensibilityGlobals) = postSolution
		SolutionGuid = {C89077D4-82CF-47C2-B977-46BD01228058}
	EndGlobalSection
EndGlobal
